{
  "nodes": {
    "home-manager": {
      "inputs": {
        "nixpkgs": [
          "nixpkgs"
        ]
      },
      "locked": {
        "lastModified": 1766292113,
        "narHash": "sha256-sWTtmkQujRpjWYCnZc8LWdDiCzrRlSBPrGovkZpLkBI=",
        "owner": "nix-community",
        "repo": "home-manager",
        "rev": "fdec8815a86db36f42fc9c8cb2931cd8485f5aed",
        "type": "github"
      },
      "original": {
        "owner": "nix-community",
        "ref": "release-25.11",
        "repo": "home-manager",
        "type": "github"
      }
    },
    "libvhdiSrc": {
      "flake": false,
      "locked": {
        "lastModified": 1715232204,
        "narHash": "sha256-V/dJlDJixLPGMZvB5UkLicq9yzXexukqPPhCtgcKiGM=",
        "type": "tarball",
        "url": "https://github.com/libyal/libvhdi/releases/download/20240509/libvhdi-alpha-20240509.tar.gz"
      },
      "original": {
        "type": "tarball",
        "url": "https://github.com/libyal/libvhdi/releases/download/20240509/libvhdi-alpha-20240509.tar.gz"
      }
    },
    "nixoa-config": {
      "inputs": {
        "nixpkgs": "nixpkgs"
      },
      "locked": {
        "lastModified": 1766406672,
        "narHash": "sha256-fO5WgAaO/edlEWkhpzjUbCLuS0t4yAAJna2L7RwR9t8=",
        "path": "/etc/nixos/nixoa/user-config",
        "type": "path"
      },
      "original": {
        "path": "/etc/nixos/nixoa/user-config",
        "type": "path"
      }
    },
    "nixpkgs": {
      "locked": {
        "lastModified": 1766201043,
        "narHash": "sha256-eplAP+rorKKd0gNjV3rA6+0WMzb1X1i16F5m5pASnjA=",
        "owner": "NixOS",
        "repo": "nixpkgs",
        "rev": "b3aad468604d3e488d627c0b43984eb60e75e782",
        "type": "github"
      },
      "original": {
        "owner": "NixOS",
        "ref": "nixos-25.11",
        "repo": "nixpkgs",
        "type": "github"
      }
    },
    "nixpkgs_2": {
      "locked": {
        "lastModified": 1766201043,
        "narHash": "sha256-eplAP+rorKKd0gNjV3rA6+0WMzb1X1i16F5m5pASnjA=",
        "owner": "NixOS",
        "repo": "nixpkgs",
        "rev": "b3aad468604d3e488d627c0b43984eb60e75e782",
        "type": "github"
      },
      "original": {
        "owner": "NixOS",
        "ref": "nixos-25.11",
        "repo": "nixpkgs",
        "type": "github"
      }
    },
    "root": {
      "inputs": {
        "home-manager": "home-manager",
        "libvhdiSrc": "libvhdiSrc",
        "nixoa-config": "nixoa-config",
        "nixpkgs": "nixpkgs_2",
        "xoSrc": "xoSrc"
      }
    },
    "xoSrc": {
      "flake": false,
      "locked": {
        "lastModified": 1766422949,
        "narHash": "sha256-bqb2TeMLsECrUTxRBTVCmXvVqQm2aHCejshAkS5iO+U=",
        "owner": "vatesfr",
        "repo": "xen-orchestra",
        "rev": "6908001bd814d582bf51e630cee3990918524993",
        "type": "github"
      },
      "original": {
        "owner": "vatesfr",
        "repo": "xen-orchestra",
        "type": "github"
      }
    }
  },
  "root": "root",
  "version": 7
}