{
  "nodes": {
    "den": {
      "locked": {
        "lastModified": 1775237241,
        "narHash": "sha256-2FpIpdiD1kgErn1GhsOcyVTE0HToPvjuxYtyo3De4oQ=",
        "owner": "vic",
        "repo": "den",
        "rev": "6d6ff64642ee4f891b5635ce0b34a8e5cf52bdb2",
        "type": "github"
      },
      "original": {
        "owner": "vic",
        "repo": "den",
        "type": "github"
      }
    },
    "libvhdi": {
      "inputs": {
        "nixpkgs": [
          "xen-orchestra-ce",
          "nixpkgs"
        ]
      },
      "locked": {
        "lastModified": 1772165901,
        "narHash": "sha256-loQh3kK9QTFzfDDlGqYxrfproI9gDbogbrRzfI//9Z8=",
        "ref": "refs/tags/latest",
        "rev": "1ff75c6e494b403f43c421280d0bd25a53322cfa",
        "revCount": 7,
        "type": "git",
        "url": "https://codeberg.org/NiXOA/libvhdi.git"
      },
      "original": {
        "ref": "refs/tags/latest",
        "type": "git",
        "url": "https://codeberg.org/NiXOA/libvhdi.git"
      }
    },
    "nixpkgs": {
      "locked": {
        "lastModified": 1775002709,
        "narHash": "sha256-d3Yx83vSrN+2z/loBh4mJpyRqr9aAJqlke4TkpFmRJA=",
        "rev": "bcd464ccd2a1a7cd09aa2f8d4ffba83b761b1d0e",
        "revCount": 910305,
        "type": "tarball",
        "url": "https://api.flakehub.com/f/pinned/NixOS/nixpkgs/0.2511.910305%2Brev-bcd464ccd2a1a7cd09aa2f8d4ffba83b761b1d0e/019d4a2b-10e7-79a8-b5ae-0c9d5245e157/source.tar.gz"
      },
      "original": {
        "type": "tarball",
        "url": "https://flakehub.com/f/NixOS/nixpkgs/0"
      }
    },
    "nixpkgs_2": {
      "locked": {
        "lastModified": 1771848320,
        "narHash": "sha256-0MAd+0mun3K/Ns8JATeHT1sX28faLII5hVLq0L3BdZU=",
        "owner": "NixOS",
        "repo": "nixpkgs",
        "rev": "2fc6539b481e1d2569f25f8799236694180c0993",
        "type": "github"
      },
      "original": {
        "owner": "NixOS",
        "ref": "nixos-unstable",
        "repo": "nixpkgs",
        "type": "github"
      }
    },
    "root": {
      "inputs": {
        "den": "den",
        "nixpkgs": "nixpkgs",
        "xen-orchestra-ce": "xen-orchestra-ce"
      }
    },
    "xen-orchestra-ce": {
      "inputs": {
        "libvhdi": "libvhdi",
        "nixpkgs": "nixpkgs_2"
      },
      "locked": {
        "lastModified": 1775294109,
        "narHash": "sha256-lQI4Y7yGpVLOg/abHwJcJvoZb9X1L1j5r3rqid+/nOk=",
        "ref": "refs/tags/latest",
        "rev": "8beb42578b8c6f58b93e7a62e40127e820366848",
        "revCount": 45,
        "type": "git",
        "url": "https://github.com/declarative-dale/xo-nixpkg.git"
      },
      "original": {
        "ref": "refs/tags/latest",
        "type": "git",
        "url": "https://github.com/declarative-dale/xo-nixpkg.git"
      }
    }
  },
  "root": "root",
  "version": 7
}
