{
  "nodes": {
    "flake-parts": {
      "inputs": {
        "nixpkgs-lib": "nixpkgs-lib"
      },
      "locked": {
        "lastModified": 1765835352,
        "narHash": "sha256-XswHlK/Qtjasvhd1nOa1e8MgZ8GS//jBoTqWtrS1Giw=",
        "owner": "hercules-ci",
        "repo": "flake-parts",
        "rev": "a34fae9c08a15ad73f295041fec82323541400a9",
        "type": "github"
      },
      "original": {
        "owner": "hercules-ci",
        "repo": "flake-parts",
        "type": "github"
      }
    },
    "home-manager": {
      "inputs": {
        "nixpkgs": [
          "nixpkgs"
        ]
      },
      "locked": {
        "lastModified": 1766553861,
        "narHash": "sha256-ZbnG01yA3O8Yr1vUm3+NQ2qk9iRhS5bloAnuXHHy7+c=",
        "owner": "nix-community",
        "repo": "home-manager",
        "rev": "0999ed8f965bbbd991437ad9c5ed3434cecbc30e",
        "type": "github"
      },
      "original": {
        "owner": "nix-community",
        "ref": "release-25.11",
        "repo": "home-manager",
        "type": "github"
      }
    },
    "libvhdiSrc": {
      "flake": false,
      "locked": {
        "lastModified": 1715232204,
        "narHash": "sha256-V/dJlDJixLPGMZvB5UkLicq9yzXexukqPPhCtgcKiGM=",
        "type": "tarball",
        "url": "https://github.com/libyal/libvhdi/releases/download/20240509/libvhdi-alpha-20240509.tar.gz"
      },
      "original": {
        "type": "tarball",
        "url": "https://github.com/libyal/libvhdi/releases/download/20240509/libvhdi-alpha-20240509.tar.gz"
      }
    },
    "nixpkgs": {
      "locked": {
        "lastModified": 1768621446,
        "narHash": "sha256-6YwHV1cjv6arXdF/PQc365h1j+Qje3Pydk501Rm4Q+4=",
        "rev": "72ac591e737060deab2b86d6952babd1f896d7c5",
        "revCount": 905964,
        "type": "tarball",
        "url": "https://api.flakehub.com/f/pinned/NixOS/nixpkgs/0.2511.905964%2Brev-72ac591e737060deab2b86d6952babd1f896d7c5/019bcf9f-543a-7550-86e0-2e6a8fefa031/source.tar.gz"
      },
      "original": {
        "type": "tarball",
        "url": "https://flakehub.com/f/NixOS/nixpkgs/0"
      }
    },
    "nixpkgs-lib": {
      "locked": {
        "lastModified": 1765674936,
        "narHash": "sha256-k00uTP4JNfmejrCLJOwdObYC9jHRrr/5M/a/8L2EIdo=",
        "owner": "nix-community",
        "repo": "nixpkgs.lib",
        "rev": "2075416fcb47225d9b68ac469a5c4801a9c4dd85",
        "type": "github"
      },
      "original": {
        "owner": "nix-community",
        "repo": "nixpkgs.lib",
        "type": "github"
      }
    },
    "root": {
      "inputs": {
        "flake-parts": "flake-parts",
        "home-manager": "home-manager",
        "libvhdiSrc": "libvhdiSrc",
        "nixpkgs": "nixpkgs",
        "xoSrc": "xoSrc"
      }
    },
    "xoSrc": {
      "flake": false,
      "locked": {
        "lastModified": 1767711694,
        "narHash": "sha256-JF1X2900gg6ZjKNflEddG5XucUa+P5ExD3fki+BEPR8=",
        "owner": "vatesfr",
        "repo": "xen-orchestra",
        "rev": "9b6d1089f4b96ef07d7ddc25a943c466e8c7bb4b",
        "type": "github"
      },
      "original": {
        "owner": "vatesfr",
        "repo": "xen-orchestra",
        "rev": "9b6d1089f4b96ef07d7ddc25a943c466e8c7bb4b",
        "type": "github"
      }
    }
  },
  "root": "root",
  "version": 7
}
